lockfileVersion: "9.0"

settings:
  autoInstallPeers: true
  excludeLinksFromLockfile: false

importers:
  .:
    devDependencies:
      husky:
        specifier: ^9.1.7
        version: 9.1.7
      prettier:
        specifier: ^3.3.3
        version: 3.8.3

packages:
  husky@9.1.7:
    resolution:
      { integrity: sha512-5gs5ytaNjBrh5Ow3zrvdUUY+0VxIuWVL4i9irt6friV+BqdCfmV11CQTWMiBYWHbXhco+J1kHfTOUkePhCDvMA== }
    engines: { node: ">=18" }
    hasBin: true

  prettier@3.8.3:
    resolution:
      { integrity: sha512-7igPTM53cGHMW8xWuVTydi2KO233VFiTNyF5hLJqpilHfmn8C8gPf+PS7dUT64YcXFbiMGZxS9pCSxL/Dxm/Jw== }
    engines: { node: ">=14" }
    hasBin: true

snapshots:
  husky@9.1.7: {}

  prettier@3.8.3: {}
